
Microsoft Visual Studio Solution File, Format Version 12.00
# Visual Studio Version 17
VisualStudioVersion = 17.14.36623.8
MinimumVisualStudioVersion = 10.0.40219.1
Project("{FAE04EC0-301F-11D3-BF4B-00C04F79EFBC}") = "TodoApi", "src\TodoApi.csproj", "{8E80649B-072B-B9BF-23AF-5C727BEE644B}"
EndProject
Project("{FAE04EC0-301F-11D3-BF4B-00C04F79EFBC}") = "TodoApi.IntegrationTests", "tests\TodoApi.IntegrationTests.csproj", "{1CEAEF5F-545D-EE0B-044F-18FAD12CF054}"
EndProject
Global
	GlobalSection(SolutionConfigurationPlatforms) = preSolution
		Debug|Any CPU = Debug|Any CPU
		Release|Any CPU = Release|Any CPU
	EndGlobalSection
	GlobalSection(ProjectConfigurationPlatforms) = postSolution
		{8E80649B-072B-B9BF-23AF-5C727BEE644B}.Debug|Any CPU.ActiveCfg = Debug|Any CPU
		{8E80649B-072B-B9BF-23AF-5C727BEE644B}.Debug|Any CPU.Build.0 = Debug|Any CPU
		{8E80649B-072B-B9BF-23AF-5C727BEE644B}.Release|Any CPU.ActiveCfg = Release|Any CPU
		{8E80649B-072B-B9BF-23AF-5C727BEE644B}.Release|Any CPU.Build.0 = Release|Any CPU
		{1CEAEF5F-545D-EE0B-044F-18FAD12CF054}.Debug|Any CPU.ActiveCfg = Debug|Any CPU
		{1CEAEF5F-545D-EE0B-044F-18FAD12CF054}.Debug|Any CPU.Build.0 = Debug|Any CPU
		{1CEAEF5F-545D-EE0B-044F-18FAD12CF054}.Release|Any CPU.ActiveCfg = Release|Any CPU
		{1CEAEF5F-545D-EE0B-044F-18FAD12CF054}.Release|Any CPU.Build.0 = Release|Any CPU
	EndGlobalSection
	GlobalSection(SolutionProperties) = preSolution
		HideSolutionNode = FALSE
	EndGlobalSection
	GlobalSection(ExtensibilityGlobals) = postSolution
		SolutionGuid = {DA6A03D0-EE52-4F10-B545-795EC5CFAB40}
	EndGlobalSection
EndGlobal
